
Microsoft Visual Studio Solution File, Format Version 12.00
# Visual Studio Version 17
VisualStudioVersion = 17.7.34031.279
MinimumVisualStudioVersion = 10.0.40219.1
Project("{FAE04EC0-301F-11D3-BF4B-00C04F79EFBC}") = "Ver.Ingresos", "Ver.Ingresos\Ver.Ingresos.csproj", "{730A4B5F-3C98-43FE-863E-833B8FC38D4E}"
EndProject
Global
	GlobalSection(SolutionConfigurationPlatforms) = preSolution
		Debug|Any CPU = Debug|Any CPU
		Release|Any CPU = Release|Any CPU
	EndGlobalSection
	GlobalSection(ProjectConfigurationPlatforms) = postSolution
		{730A4B5F-3C98-43FE-863E-833B8FC38D4E}.Debug|Any CPU.ActiveCfg = Debug|Any CPU
		{730A4B5F-3C98-43FE-863E-833B8FC38D4E}.Debug|Any CPU.Build.0 = Debug|Any CPU
		{730A4B5F-3C98-43FE-863E-833B8FC38D4E}.Release|Any CPU.ActiveCfg = Release|Any CPU
		{730A4B5F-3C98-43FE-863E-833B8FC38D4E}.Release|Any CPU.Build.0 = Release|Any CPU
	EndGlobalSection
	GlobalSection(SolutionProperties) = preSolution
		HideSolutionNode = FALSE
	EndGlobalSection
	GlobalSection(ExtensibilityGlobals) = postSolution
		SolutionGuid = {3A53F36B-7887-46FC-990B-9714D96CE736}
	EndGlobalSection
EndGlobal
